
Microsoft Visual Studio Solution File, Format Version 12.00
# Visual Studio Version 17
VisualStudioVersion = 17.7.34024.191
MinimumVisualStudioVersion = 10.0.40219.1
Project("{FAE04EC0-301F-11D3-BF4B-00C04F79EFBC}") = "AzureTableStoreGeneric", "AzureTableStoreGeneric.csproj", "{F24C2BB4-9BAA-4B42-A91B-10EA2D62804F}"
EndProject
Project("{FAE04EC0-301F-11D3-BF4B-00C04F79EFBC}") = "Domain", "..\Domain\Domain.csproj", "{9065CA3F-7E71-44A9-A996-7419F266DB9F}"
EndProject
Global
	GlobalSection(SolutionConfigurationPlatforms) = preSolution
		Debug|Any CPU = Debug|Any CPU
		Release|Any CPU = Release|Any CPU
	EndGlobalSection
	GlobalSection(ProjectConfigurationPlatforms) = postSolution
		{F24C2BB4-9BAA-4B42-A91B-10EA2D62804F}.Debug|Any CPU.ActiveCfg = Debug|Any CPU
		{F24C2BB4-9BAA-4B42-A91B-10EA2D62804F}.Debug|Any CPU.Build.0 = Debug|Any CPU
		{F24C2BB4-9BAA-4B42-A91B-10EA2D62804F}.Release|Any CPU.ActiveCfg = Release|Any CPU
		{F24C2BB4-9BAA-4B42-A91B-10EA2D62804F}.Release|Any CPU.Build.0 = Release|Any CPU
		{9065CA3F-7E71-44A9-A996-7419F266DB9F}.Debug|Any CPU.ActiveCfg = Debug|Any CPU
		{9065CA3F-7E71-44A9-A996-7419F266DB9F}.Debug|Any CPU.Build.0 = Debug|Any CPU
		{9065CA3F-7E71-44A9-A996-7419F266DB9F}.Release|Any CPU.ActiveCfg = Release|Any CPU
		{9065CA3F-7E71-44A9-A996-7419F266DB9F}.Release|Any CPU.Build.0 = Release|Any CPU
	EndGlobalSection
	GlobalSection(SolutionProperties) = preSolution
		HideSolutionNode = FALSE
	EndGlobalSection
	GlobalSection(ExtensibilityGlobals) = postSolution
		SolutionGuid = {F3E5EA4E-02D7-401D-9A52-2308B7030E2C}
	EndGlobalSection
EndGlobal
